
Microsoft Visual Studio Solution File, Format Version 12.00
# Visual Studio 14
VisualStudioVersion = 14.0.25420.1
MinimumVisualStudioVersion = 10.0.40219.1
Project("{FAE04EC0-301F-11D3-BF4B-00C04F79EFBC}") = "Migration.UI", "MigrationUI\Migration.UI.csproj", "{8B5983F1-E8DE-466A-B345-D52A2A37AB11}"
EndProject
Project("{FAE04EC0-301F-11D3-BF4B-00C04F79EFBC}") = "Migration.Test", "Migration.Test\Migration.Test.csproj", "{D9597B2D-3A8D-4B55-A10C-AF9D83130EB3}"
EndProject
Project("{FAE04EC0-301F-11D3-BF4B-00C04F79EFBC}") = "Migration.Configuration", "Migration.Configuration\Migration.Configuration.csproj", "{C259A426-7959-4DEB-B711-29C768C6986E}"
EndProject
Project("{2150E333-8FDC-42A3-9474-1A3956D46DE8}") = "Auth", "Auth", "{D023CC62-E70B-4370-8197-14D671749FF5}"
EndProject
Project("{2150E333-8FDC-42A3-9474-1A3956D46DE8}") = "Asset", "Asset", "{B6C7E4DE-402A-4259-8D1F-F2C649FBF817}"
EndProject
Project("{FAE04EC0-301F-11D3-BF4B-00C04F79EFBC}") = "Migration.Generate", "Migration.Generate\Migration.Generate.csproj", "{C1820358-4393-4FEF-B435-5AA6893BEA0D}"
EndProject
Project("{FAE04EC0-301F-11D3-BF4B-00C04F79EFBC}") = "Migration.ProcessQueue", "Migration.ProcessQueue\Migration.ProcessQueue.csproj", "{12D20E9D-834A-439A-A8B4-9A48C5D16E3D}"
EndProject
Project("{FAE04EC0-301F-11D3-BF4B-00C04F79EFBC}") = "Migration.Persistence", "Migration.Persistence\Migration.Persistence.csproj", "{24A7F3B1-1DD3-40B3-817D-7D6C6483A167}"
EndProject
Project("{FAE04EC0-301F-11D3-BF4B-00C04F79EFBC}") = "Migration.Common", "Migration.Common\Migration.Common.csproj", "{96E1E9E6-B206-4CA0-AF79-0CA3EC31F997}"
EndProject
Project("{FAE04EC0-301F-11D3-BF4B-00C04F79EFBC}") = "Slapper", "Slapper.AutoMapper\Slapper.csproj", "{A3A6ABBF-8C42-4945-BB8B-804123E45B2D}"
EndProject
Project("{FAE04EC0-301F-11D3-BF4B-00C04F79EFBC}") = "Migration.PreRequisite", "Migration.PreRequisite\Migration.PreRequisite.csproj", "{C01F0BCB-B583-4350-A1B1-41A11DFF5180}"
EndProject
Project("{FAE04EC0-301F-11D3-BF4B-00C04F79EFBC}") = "Domain.Asset", "..\Asset_Floret\Library\Domain\Domain.Asset.csproj", "{2A8237E2-E410-4E2D-9E7A-5E2E1AFA42C0}"
EndProject
Project("{FAE04EC0-301F-11D3-BF4B-00C04F79EFBC}") = "Persistence.MSSql.Asset", "..\Asset_Floret\Library\Persistence.MSSql\Persistence.MSSql.Asset.csproj", "{DBD73089-F622-4285-91C3-6DFA150157B3}"
EndProject
Project("{FAE04EC0-301F-11D3-BF4B-00C04F79EFBC}") = "Domain.Auth", "..\Auth_Floret\Library\Domain\Domain.Auth.csproj", "{72D12166-348C-49D6-9984-E000A634A45F}"
EndProject
Project("{FAE04EC0-301F-11D3-BF4B-00C04F79EFBC}") = "Persistence.MSSql.Auth", "..\Auth_Floret\Library\Persistence.MSSql\Persistence.MSSql.Auth.csproj", "{C60971AF-425A-462A-8E9C-6BE49CB69998}"
EndProject
Global
	GlobalSection(SolutionConfigurationPlatforms) = preSolution
		Debug|Any CPU = Debug|Any CPU
		Release|Any CPU = Release|Any CPU
	EndGlobalSection
	GlobalSection(ProjectConfigurationPlatforms) = postSolution
		{8B5983F1-E8DE-466A-B345-D52A2A37AB11}.Debug|Any CPU.ActiveCfg = Debug|Any CPU
		{8B5983F1-E8DE-466A-B345-D52A2A37AB11}.Debug|Any CPU.Build.0 = Debug|Any CPU
		{8B5983F1-E8DE-466A-B345-D52A2A37AB11}.Release|Any CPU.ActiveCfg = Release|Any CPU
		{8B5983F1-E8DE-466A-B345-D52A2A37AB11}.Release|Any CPU.Build.0 = Release|Any CPU
		{D9597B2D-3A8D-4B55-A10C-AF9D83130EB3}.Debug|Any CPU.ActiveCfg = Debug|Any CPU
		{D9597B2D-3A8D-4B55-A10C-AF9D83130EB3}.Debug|Any CPU.Build.0 = Debug|Any CPU
		{D9597B2D-3A8D-4B55-A10C-AF9D83130EB3}.Release|Any CPU.ActiveCfg = Release|Any CPU
		{D9597B2D-3A8D-4B55-A10C-AF9D83130EB3}.Release|Any CPU.Build.0 = Release|Any CPU
		{C259A426-7959-4DEB-B711-29C768C6986E}.Debug|Any CPU.ActiveCfg = Debug|Any CPU
		{C259A426-7959-4DEB-B711-29C768C6986E}.Debug|Any CPU.Build.0 = Debug|Any CPU
		{C259A426-7959-4DEB-B711-29C768C6986E}.Release|Any CPU.ActiveCfg = Release|Any CPU
		{C259A426-7959-4DEB-B711-29C768C6986E}.Release|Any CPU.Build.0 = Release|Any CPU
		{C1820358-4393-4FEF-B435-5AA6893BEA0D}.Debug|Any CPU.ActiveCfg = Debug|Any CPU
		{C1820358-4393-4FEF-B435-5AA6893BEA0D}.Debug|Any CPU.Build.0 = Debug|Any CPU
		{C1820358-4393-4FEF-B435-5AA6893BEA0D}.Release|Any CPU.ActiveCfg = Release|Any CPU
		{C1820358-4393-4FEF-B435-5AA6893BEA0D}.Release|Any CPU.Build.0 = Release|Any CPU
		{12D20E9D-834A-439A-A8B4-9A48C5D16E3D}.Debug|Any CPU.ActiveCfg = Debug|Any CPU
		{12D20E9D-834A-439A-A8B4-9A48C5D16E3D}.Debug|Any CPU.Build.0 = Debug|Any CPU
		{12D20E9D-834A-439A-A8B4-9A48C5D16E3D}.Release|Any CPU.ActiveCfg = Release|Any CPU
		{12D20E9D-834A-439A-A8B4-9A48C5D16E3D}.Release|Any CPU.Build.0 = Release|Any CPU
		{24A7F3B1-1DD3-40B3-817D-7D6C6483A167}.Debug|Any CPU.ActiveCfg = Debug|Any CPU
		{24A7F3B1-1DD3-40B3-817D-7D6C6483A167}.Debug|Any CPU.Build.0 = Debug|Any CPU
		{24A7F3B1-1DD3-40B3-817D-7D6C6483A167}.Release|Any CPU.ActiveCfg = Release|Any CPU
		{24A7F3B1-1DD3-40B3-817D-7D6C6483A167}.Release|Any CPU.Build.0 = Release|Any CPU
		{96E1E9E6-B206-4CA0-AF79-0CA3EC31F997}.Debug|Any CPU.ActiveCfg = Debug|Any CPU
		{96E1E9E6-B206-4CA0-AF79-0CA3EC31F997}.Debug|Any CPU.Build.0 = Debug|Any CPU
		{96E1E9E6-B206-4CA0-AF79-0CA3EC31F997}.Release|Any CPU.ActiveCfg = Release|Any CPU
		{96E1E9E6-B206-4CA0-AF79-0CA3EC31F997}.Release|Any CPU.Build.0 = Release|Any CPU
		{A3A6ABBF-8C42-4945-BB8B-804123E45B2D}.Debug|Any CPU.ActiveCfg = Debug|Any CPU
		{A3A6ABBF-8C42-4945-BB8B-804123E45B2D}.Debug|Any CPU.Build.0 = Debug|Any CPU
		{A3A6ABBF-8C42-4945-BB8B-804123E45B2D}.Release|Any CPU.ActiveCfg = Release|Any CPU
		{A3A6ABBF-8C42-4945-BB8B-804123E45B2D}.Release|Any CPU.Build.0 = Release|Any CPU
		{C01F0BCB-B583-4350-A1B1-41A11DFF5180}.Debug|Any CPU.ActiveCfg = Debug|Any CPU
		{C01F0BCB-B583-4350-A1B1-41A11DFF5180}.Debug|Any CPU.Build.0 = Debug|Any CPU
		{C01F0BCB-B583-4350-A1B1-41A11DFF5180}.Release|Any CPU.ActiveCfg = Release|Any CPU
		{C01F0BCB-B583-4350-A1B1-41A11DFF5180}.Release|Any CPU.Build.0 = Release|Any CPU
		{2A8237E2-E410-4E2D-9E7A-5E2E1AFA42C0}.Debug|Any CPU.ActiveCfg = Debug|Any CPU
		{2A8237E2-E410-4E2D-9E7A-5E2E1AFA42C0}.Debug|Any CPU.Build.0 = Debug|Any CPU
		{2A8237E2-E410-4E2D-9E7A-5E2E1AFA42C0}.Release|Any CPU.ActiveCfg = Release|Any CPU
		{2A8237E2-E410-4E2D-9E7A-5E2E1AFA42C0}.Release|Any CPU.Build.0 = Release|Any CPU
		{DBD73089-F622-4285-91C3-6DFA150157B3}.Debug|Any CPU.ActiveCfg = Debug|Any CPU
		{DBD73089-F622-4285-91C3-6DFA150157B3}.Debug|Any CPU.Build.0 = Debug|Any CPU
		{DBD73089-F622-4285-91C3-6DFA150157B3}.Release|Any CPU.ActiveCfg = Release|Any CPU
		{DBD73089-F622-4285-91C3-6DFA150157B3}.Release|Any CPU.Build.0 = Release|Any CPU
		{72D12166-348C-49D6-9984-E000A634A45F}.Debug|Any CPU.ActiveCfg = Debug|Any CPU
		{72D12166-348C-49D6-9984-E000A634A45F}.Debug|Any CPU.Build.0 = Debug|Any CPU
		{72D12166-348C-49D6-9984-E000A634A45F}.Release|Any CPU.ActiveCfg = Release|Any CPU
		{72D12166-348C-49D6-9984-E000A634A45F}.Release|Any CPU.Build.0 = Release|Any CPU
		{C60971AF-425A-462A-8E9C-6BE49CB69998}.Debug|Any CPU.ActiveCfg = Debug|Any CPU
		{C60971AF-425A-462A-8E9C-6BE49CB69998}.Debug|Any CPU.Build.0 = Debug|Any CPU
		{C60971AF-425A-462A-8E9C-6BE49CB69998}.Release|Any CPU.ActiveCfg = Release|Any CPU
		{C60971AF-425A-462A-8E9C-6BE49CB69998}.Release|Any CPU.Build.0 = Release|Any CPU
	EndGlobalSection
	GlobalSection(SolutionProperties) = preSolution
		HideSolutionNode = FALSE
	EndGlobalSection
	GlobalSection(NestedProjects) = preSolution
		{2A8237E2-E410-4E2D-9E7A-5E2E1AFA42C0} = {B6C7E4DE-402A-4259-8D1F-F2C649FBF817}
		{DBD73089-F622-4285-91C3-6DFA150157B3} = {B6C7E4DE-402A-4259-8D1F-F2C649FBF817}
		{72D12166-348C-49D6-9984-E000A634A45F} = {D023CC62-E70B-4370-8197-14D671749FF5}
		{C60971AF-425A-462A-8E9C-6BE49CB69998} = {D023CC62-E70B-4370-8197-14D671749FF5}
	EndGlobalSection
EndGlobal
